// !$*UTF8*$!
{
	archiveVersion = 1;
	classes = {
	};
	objectVersion = 46;
	objects = {

/* Begin PBXBuildFile section */
		835926D51DFA4E02007F533F /* teamCell.swift in Sources */ = {isa = PBXBuildFile; fileRef = 835926D41DFA4E02007F533F /* teamCell.swift */; };
		835926D71DFA558E007F533F /* AddTeamViewController.swift in Sources */ = {isa = PBXBuildFile; fileRef = 835926D61DFA558E007F533F /* AddTeamViewController.swift */; };
		835926D91DFA5808007F533F /* leagueNameCell.swift in Sources */ = {isa = PBXBuildFile; fileRef = 835926D81DFA5808007F533F /* leagueNameCell.swift */; };
		835926DB1DFA5C6E007F533F /* addTeamCell.swift in Sources */ = {isa = PBXBuildFile; fileRef = 835926DA1DFA5C6E007F533F /* addTeamCell.swift */; };
		835926DD1DFA5C86007F533F /* addTeamViewController2.swift in Sources */ = {isa = PBXBuildFile; fileRef = 835926DC1DFA5C86007F533F /* addTeamViewController2.swift */; };
		835926DF1DFA6291007F533F /* TeamInfoViewController.swift in Sources */ = {isa = PBXBuildFile; fileRef = 835926DE1DFA6291007F533F /* TeamInfoViewController.swift */; };
		835926E11DFA6B98007F533F /* playerCell.swift in Sources */ = {isa = PBXBuildFile; fileRef = 835926E01DFA6B98007F533F /* playerCell.swift */; };
		835926E31DFA6FAA007F533F /* HelperFunctions.swift in Sources */ = {isa = PBXBuildFile; fileRef = 835926E21DFA6FAA007F533F /* HelperFunctions.swift */; };
		83773FA31E004C0900390EEA /* GoogleService-Info.plist in Resources */ = {isa = PBXBuildFile; fileRef = 83773FA21E004C0900390EEA /* GoogleService-Info.plist */; };
		837D17FE1DF8C85A00F1DFB7 /* AppDelegate.swift in Sources */ = {isa = PBXBuildFile; fileRef = 837D17FD1DF8C85A00F1DFB7 /* AppDelegate.swift */; };
		837D18001DF8C85A00F1DFB7 /* ViewController.swift in Sources */ = {isa = PBXBuildFile; fileRef = 837D17FF1DF8C85A00F1DFB7 /* ViewController.swift */; };
		837D18031DF8C85A00F1DFB7 /* Main.storyboard in Resources */ = {isa = PBXBuildFile; fileRef = 837D18011DF8C85A00F1DFB7 /* Main.storyboard */; };
		837D18051DF8C85A00F1DFB7 /* Assets.xcassets in Resources */ = {isa = PBXBuildFile; fileRef = 837D18041DF8C85A00F1DFB7 /* Assets.xcassets */; };
		837D18081DF8C85A00F1DFB7 /* LaunchScreen.storyboard in Resources */ = {isa = PBXBuildFile; fileRef = 837D18061DF8C85A00F1DFB7 /* LaunchScreen.storyboard */; };
		83A4AAB91DFA27930059779A /* LoginViewController.swift in Sources */ = {isa = PBXBuildFile; fileRef = 83A4AAB81DFA27930059779A /* LoginViewController.swift */; };
		9602439629CBA1BDED6F7D54 /* Pods_Football_Bible.framework in Frameworks */ = {isa = PBXBuildFile; fileRef = 27AAE314A4847922CC1AD802 /* Pods_Football_Bible.framework */; };
/* End PBXBuildFile section */

/* Begin PBXFileReference section */
		27AAE314A4847922CC1AD802 /* Pods_Football_Bible.framework */ = {isa = PBXFileReference; explicitFileType = wrapper.framework; includeInIndex = 0; path = Pods_Football_Bible.framework; sourceTree = BUILT_PRODUCTS_DIR; };
		72336F8722EB5BCF84EFC3F2 /* Pods-Football Bible.debug.xcconfig */ = {isa = PBXFileReference; includeInIndex = 1; lastKnownFileType = text.xcconfig; name = "Pods-Football Bible.debug.xcconfig"; path = "Pods/Target Support Files/Pods-Football Bible/Pods-Football Bible.debug.xcconfig"; sourceTree = "<group>"; };
		835926D41DFA4E02007F533F /* teamCell.swift */ = {isa = PBXFileReference; fileEncoding = 4; lastKnownFileType = sourcecode.swift; path = teamCell.swift; sourceTree = "<group>"; };
		835926D61DFA558E007F533F /* AddTeamViewController.swift */ = {isa = PBXFileReference; fileEncoding = 4; lastKnownFileType = sourcecode.swift; path = AddTeamViewController.swift; sourceTree = "<group>"; };
		835926D81DFA5808007F533F /* leagueNameCell.swift */ = {isa = PBXFileReference; fileEncoding = 4; lastKnownFileType = sourcecode.swift; path = leagueNameCell.swift; sourceTree = "<group>"; };
		835926DA1DFA5C6E007F533F /* addTeamCell.swift */ = {isa = PBXFileReference; fileEncoding = 4; lastKnownFileType = sourcecode.swift; path = addTeamCell.swift; sourceTree = "<group>"; };
		835926DC1DFA5C86007F533F /* addTeamViewController2.swift */ = {isa = PBXFileReference; fileEncoding = 4; lastKnownFileType = sourcecode.swift; path = addTeamViewController2.swift; sourceTree = "<group>"; };
		835926DE1DFA6291007F533F /* TeamInfoViewController.swift */ = {isa = PBXFileReference; fileEncoding = 4; lastKnownFileType = sourcecode.swift; path = TeamInfoViewController.swift; sourceTree = "<group>"; };
		835926E01DFA6B98007F533F /* playerCell.swift */ = {isa = PBXFileReference; fileEncoding = 4; lastKnownFileType = sourcecode.swift; path = playerCell.swift; sourceTree = "<group>"; };
		835926E21DFA6FAA007F533F /* HelperFunctions.swift */ = {isa = PBXFileReference; fileEncoding = 4; lastKnownFileType = sourcecode.swift; path = HelperFunctions.swift; sourceTree = "<group>"; };
		835926E41DFAB0E7007F533F /* Football Bible.entitlements */ = {isa = PBXFileReference; lastKnownFileType = text.plist.entitlements; path = "Football Bible.entitlements"; sourceTree = "<group>"; };
		83773FA21E004C0900390EEA /* GoogleService-Info.plist */ = {isa = PBXFileReference; fileEncoding = 4; lastKnownFileType = text.plist.xml; path = "GoogleService-Info.plist"; sourceTree = SOURCE_ROOT; };
		837D17FA1DF8C85A00F1DFB7 /* Football Bible.app */ = {isa = PBXFileReference; explicitFileType = wrapper.application; includeInIndex = 0; path = "Football Bible.app"; sourceTree = BUILT_PRODUCTS_DIR; };
		837D17FD1DF8C85A00F1DFB7 /* AppDelegate.swift */ = {isa = PBXFileReference; lastKnownFileType = sourcecode.swift; path = AppDelegate.swift; sourceTree = "<group>"; };
		837D17FF1DF8C85A00F1DFB7 /* ViewController.swift */ = {isa = PBXFileReference; lastKnownFileType = sourcecode.swift; path = ViewController.swift; sourceTree = "<group>"; };
		837D18021DF8C85A00F1DFB7 /* Base */ = {isa = PBXFileReference; lastKnownFileType = file.storyboard; name = Base; path = Base.lproj/Main.storyboard; sourceTree = "<group>"; };
		837D18041DF8C85A00F1DFB7 /* Assets.xcassets */ = {isa = PBXFileReference; lastKnownFileType = folder.assetcatalog; path = Assets.xcassets; sourceTree = "<group>"; };
		837D18071DF8C85A00F1DFB7 /* Base */ = {isa = PBXFileReference; lastKnownFileType = file.storyboard; name = Base; path = Base.lproj/LaunchScreen.storyboard; sourceTree = "<group>"; };
		837D18091DF8C85A00F1DFB7 /* Info.plist */ = {isa = PBXFileReference; lastKnownFileType = text.plist.xml; path = Info.plist; sourceTree = "<group>"; };
		83A4AAB81DFA27930059779A /* LoginViewController.swift */ = {isa = PBXFileReference; fileEncoding = 4; lastKnownFileType = sourcecode.swift; path = LoginViewController.swift; sourceTree = "<group>"; };
		A8D9E36A6C0EFED9E2FC6B5A /* Pods-Football Bible.release.xcconfig */ = {isa = PBXFileReference; includeInIndex = 1; lastKnownFileType = text.xcconfig; name = "Pods-Football Bible.release.xcconfig"; path = "Pods/Target Support Files/Pods-Football Bible/Pods-Football Bible.release.xcconfig"; sourceTree = "<group>"; };
/* End PBXFileReference section */

/* Begin PBXFrameworksBuildPhase section */
		837D17F71DF8C85A00F1DFB7 /* Frameworks */ = {
			isa = PBXFrameworksBuildPhase;
			buildActionMask = 2147483647;
			files = (
				9602439629CBA1BDED6F7D54 /* Pods_Football_Bible.framework in Frameworks */,
			);
			runOnlyForDeploymentPostprocessing = 0;
		};
/* End PBXFrameworksBuildPhase section */

/* Begin PBXGroup section */
		837D17F11DF8C85A00F1DFB7 = {
			isa = PBXGroup;
			children = (
				837D17FC1DF8C85A00F1DFB7 /* Football Bible */,
				837D17FB1DF8C85A00F1DFB7 /* Products */,
				A4186386577389EACE5977EA /* Pods */,
				E4458DD84C882E354C544D7C /* Frameworks */,
			);
			sourceTree = "<group>";
		};
		837D17FB1DF8C85A00F1DFB7 /* Products */ = {
			isa = PBXGroup;
			children = (
				837D17FA1DF8C85A00F1DFB7 /* Football Bible.app */,
			);
			name = Products;
			sourceTree = "<group>";
		};
		837D17FC1DF8C85A00F1DFB7 /* Football Bible */ = {
			isa = PBXGroup;
			children = (
				835926E41DFAB0E7007F533F /* Football Bible.entitlements */,
				83773FA21E004C0900390EEA /* GoogleService-Info.plist */,
				837D17FD1DF8C85A00F1DFB7 /* AppDelegate.swift */,
				837D17FF1DF8C85A00F1DFB7 /* ViewController.swift */,
				837D18011DF8C85A00F1DFB7 /* Main.storyboard */,
				835926E01DFA6B98007F533F /* playerCell.swift */,
				835926DE1DFA6291007F533F /* TeamInfoViewController.swift */,
				835926DA1DFA5C6E007F533F /* addTeamCell.swift */,
				835926DC1DFA5C86007F533F /* addTeamViewController2.swift */,
				835926D81DFA5808007F533F /* leagueNameCell.swift */,
				835926D61DFA558E007F533F /* AddTeamViewController.swift */,
				835926E21DFA6FAA007F533F /* HelperFunctions.swift */,
				837D18041DF8C85A00F1DFB7 /* Assets.xcassets */,
				837D18061DF8C85A00F1DFB7 /* LaunchScreen.storyboard */,
				837D18091DF8C85A00F1DFB7 /* Info.plist */,
				83A4AAB81DFA27930059779A /* LoginViewController.swift */,
				835926D41DFA4E02007F533F /* teamCell.swift */,
			);
			path = "Football Bible";
			sourceTree = "<group>";
		};
		A4186386577389EACE5977EA /* Pods */ = {
			isa = PBXGroup;
			children = (
				72336F8722EB5BCF84EFC3F2 /* Pods-Football Bible.debug.xcconfig */,
				A8D9E36A6C0EFED9E2FC6B5A /* Pods-Football Bible.release.xcconfig */,
			);
			name = Pods;
			sourceTree = "<group>";
		};
		E4458DD84C882E354C544D7C /* Frameworks */ = {
			isa = PBXGroup;
			children = (
				27AAE314A4847922CC1AD802 /* Pods_Football_Bible.framework */,
			);
			name = Frameworks;
			sourceTree = "<group>";
		};
/* End PBXGroup section */

/* Begin PBXNativeTarget section */
		837D17F91DF8C85A00F1DFB7 /* Football Bible */ = {
			isa = PBXNativeTarget;
			buildConfigurationList = 837D180C1DF8C85A00F1DFB7 /* Build configuration list for PBXNativeTarget "Football Bible" */;
			buildPhases = (
				12D5235E31EB8679B081671B /* 📦 Check Pods Manifest.lock */,
				837D17F61DF8C85A00F1DFB7 /* Sources */,
				837D17F71DF8C85A00F1DFB7 /* Frameworks */,
				837D17F81DF8C85A00F1DFB7 /* Resources */,
				81AA4A4418D4AA971F1D51F9 /* 📦 Embed Pods Frameworks */,
				6D239A0C99EF44625EA0C5D4 /* 📦 Copy Pods Resources */,
			);
			buildRules = (
			);
			dependencies = (
			);
			name = "Football Bible";
			productName = "Football Bible";
			productReference = 837D17FA1DF8C85A00F1DFB7 /* Football Bible.app */;
			productType = "com.apple.product-type.application";
		};
/* End PBXNativeTarget section */

/* Begin PBXProject section */
		837D17F21DF8C85A00F1DFB7 /* Project object */ = {
			isa = PBXProject;
			attributes = {
				LastSwiftUpdateCheck = 0810;
				LastUpgradeCheck = 0810;
				ORGANIZATIONNAME = "Chris Ras";
				TargetAttributes = {
					837D17F91DF8C85A00F1DFB7 = {
						CreatedOnToolsVersion = 8.1;
						DevelopmentTeam = C4Q2FUWZY3;
						LastSwiftMigration = 0810;
						ProvisioningStyle = Automatic;
						SystemCapabilities = {
							com.apple.Keychain = {
								enabled = 1;
							};
						};
					};
				};
			};
			buildConfigurationList = 837D17F51DF8C85A00F1DFB7 /* Build configuration list for PBXProject "Football Bible" */;
			compatibilityVersion = "Xcode 3.2";
			developmentRegion = English;
			hasScannedForEncodings = 0;
			knownRegions = (
				en,
				Base,
			);
			mainGroup = 837D17F11DF8C85A00F1DFB7;
			productRefGroup = 837D17FB1DF8C85A00F1DFB7 /* Products */;
			projectDirPath = "";
			projectRoot = "";
			targets = (
				837D17F91DF8C85A00F1DFB7 /* Football Bible */,
			);
		};
/* End PBXProject section */

/* Begin PBXResourcesBuildPhase section */
		837D17F81DF8C85A00F1DFB7 /* Resources */ = {
			isa = PBXResourcesBuildPhase;
			buildActionMask = 2147483647;
			files = (
				837D18081DF8C85A00F1DFB7 /* LaunchScreen.storyboard in Resources */,
				83773FA31E004C0900390EEA /* GoogleService-Info.plist in Resources */,
				837D18051DF8C85A00F1DFB7 /* Assets.xcassets in Resources */,
				837D18031DF8C85A00F1DFB7 /* Main.storyboard in Resources */,
			);
			runOnlyForDeploymentPostprocessing = 0;
		};
/* End PBXResourcesBuildPhase section */

/* Begin PBXShellScriptBuildPhase section */
		12D5235E31EB8679B081671B /* 📦 Check Pods Manifest.lock */ = {
			isa = PBXShellScriptBuildPhase;
			buildActionMask = 2147483647;
			files = (
			);
			inputPaths = (
			);
			name = "📦 Check Pods Manifest.lock";
			outputPaths = (
			);
			runOnlyForDeploymentPostprocessing = 0;
			shellPath = /bin/sh;
			shellScript = "diff \"${PODS_ROOT}/../Podfile.lock\" \"${PODS_ROOT}/Manifest.lock\" > /dev/null\nif [[ $? != 0 ]] ; then\n    cat << EOM\nerror: The sandbox is not in sync with the Podfile.lock. Run 'pod install' or update your CocoaPods installation.\nEOM\n    exit 1\nfi\n";
			showEnvVarsInLog = 0;
		};
		6D239A0C99EF44625EA0C5D4 /* 📦 Copy Pods Resources */ = {
			isa = PBXShellScriptBuildPhase;
			buildActionMask = 2147483647;
			files = (
			);
			inputPaths = (
			);
			name = "📦 Copy Pods Resources";
			outputPaths = (
			);
			runOnlyForDeploymentPostprocessing = 0;
			shellPath = /bin/sh;
			shellScript = "\"${SRCROOT}/Pods/Target Support Files/Pods-Football Bible/Pods-Football Bible-resources.sh\"\n";
			showEnvVarsInLog = 0;
		};
		81AA4A4418D4AA971F1D51F9 /* 📦 Embed Pods Frameworks */ = {
			isa = PBXShellScriptBuildPhase;
			buildActionMask = 2147483647;
			files = (
			);
			inputPaths = (
			);
			name = "📦 Embed Pods Frameworks";
			outputPaths = (
			);
			runOnlyForDeploymentPostprocessing = 0;
			shellPath = /bin/sh;
			shellScript = "\"${SRCROOT}/Pods/Target Support Files/Pods-Football Bible/Pods-Football Bible-frameworks.sh\"\n";
			showEnvVarsInLog = 0;
		};
/* End PBXShellScriptBuildPhase section */

/* Begin PBXSourcesBuildPhase section */
		837D17F61DF8C85A00F1DFB7 /* Sources */ = {
			isa = PBXSourcesBuildPhase;
			buildActionMask = 2147483647;
			files = (
				835926DD1DFA5C86007F533F /* addTeamViewController2.swift in Sources */,
				835926D71DFA558E007F533F /* AddTeamViewController.swift in Sources */,
				835926D91DFA5808007F533F /* leagueNameCell.swift in Sources */,
				835926D51DFA4E02007F533F /* teamCell.swift in Sources */,
				835926E11DFA6B98007F533F /* playerCell.swift in Sources */,
				83A4AAB91DFA27930059779A /* LoginViewController.swift in Sources */,
				837D18001DF8C85A00F1DFB7 /* ViewController.swift in Sources */,
				835926DB1DFA5C6E007F533F /* addTeamCell.swift in Sources */,
				835926DF1DFA6291007F533F /* TeamInfoViewController.swift in Sources */,
				835926E31DFA6FAA007F533F /* HelperFunctions.swift in Sources */,
				837D17FE1DF8C85A00F1DFB7 /* AppDelegate.swift in Sources */,
			);
			runOnlyForDeploymentPostprocessing = 0;
		};
/* End PBXSourcesBuildPhase section */

/* Begin PBXVariantGroup section */
		837D18011DF8C85A00F1DFB7 /* Main.storyboard */ = {
			isa = PBXVariantGroup;
			children = (
				837D18021DF8C85A00F1DFB7 /* Base */,
			);
			name = Main.storyboard;
			sourceTree = "<group>";
		};
		837D18061DF8C85A00F1DFB7 /* LaunchScreen.storyboard */ = {
			isa = PBXVariantGroup;
			children = (
				837D18071DF8C85A00F1DFB7 /* Base */,
			);
			name = LaunchScreen.storyboard;
			sourceTree = "<group>";
		};
/* End PBXVariantGroup section */

/* Begin XCBuildConfiguration section */
		837D180A1DF8C85A00F1DFB7 /* Debug */ = {
			isa = XCBuildConfiguration;
			buildSettings = {
				ALWAYS_SEARCH_USER_PATHS = NO;
				CLANG_ANALYZER_NONNULL = YES;
				CLANG_CXX_LANGUAGE_STANDARD = "gnu++0x";
				CLANG_CXX_LIBRARY = "libc++";
				CLANG_ENABLE_MODULES = YES;
				CLANG_ENABLE_OBJC_ARC = YES;
				CLANG_WARN_BOOL_CONVERSION = YES;
				CLANG_WARN_CONSTANT_CONVERSION = YES;
				CLANG_WARN_DIRECT_OBJC_ISA_USAGE = YES_ERROR;
				CLANG_WARN_DOCUMENTATION_COMMENTS = YES;
				CLANG_WARN_EMPTY_BODY = YES;
				CLANG_WARN_ENUM_CONVERSION = YES;
				CLANG_WARN_INFINITE_RECURSION = YES;
				CLANG_WARN_INT_CONVERSION = YES;
				CLANG_WARN_OBJC_ROOT_CLASS = YES_ERROR;
				CLANG_WARN_SUSPICIOUS_MOVES = YES;
				CLANG_WARN_UNREACHABLE_CODE = YES;
				CLANG_WARN__DUPLICATE_METHOD_MATCH = YES;
				"CODE_SIGN_IDENTITY[sdk=iphoneos*]" = "iPhone Developer";
				COPY_PHASE_STRIP = NO;
				DEBUG_INFORMATION_FORMAT = dwarf;
				ENABLE_STRICT_OBJC_MSGSEND = YES;
				ENABLE_TESTABILITY = YES;
				GCC_C_LANGUAGE_STANDARD = gnu99;
				GCC_DYNAMIC_NO_PIC = NO;
				GCC_NO_COMMON_BLOCKS = YES;
				GCC_OPTIMIZATION_LEVEL = 0;
				GCC_PREPROCESSOR_DEFINITIONS = (
					"DEBUG=1",
					"$(inherited)",
				);
				GCC_WARN_64_TO_32_BIT_CONVERSION = YES;
				GCC_WARN_ABOUT_RETURN_TYPE = YES_ERROR;
				GCC_WARN_UNDECLARED_SELECTOR = YES;
				GCC_WARN_UNINITIALIZED_AUTOS = YES_AGGRESSIVE;
				GCC_WARN_UNUSED_FUNCTION = YES;
				GCC_WARN_UNUSED_VARIABLE = YES;
				IPHONEOS_DEPLOYMENT_TARGET = 10.1;
				MTL_ENABLE_DEBUG_INFO = YES;
				ONLY_ACTIVE_ARCH = YES;
				SDKROOT = iphoneos;
				SWIFT_ACTIVE_COMPILATION_CONDITIONS = DEBUG;
				SWIFT_OPTIMIZATION_LEVEL = "-Onone";
				TARGETED_DEVICE_FAMILY = "1,2";
			};
			name = Debug;
		};
		837D180B1DF8C85A00F1DFB7 /* Release */ = {
			isa = XCBuildConfiguration;
			buildSettings = {
				ALWAYS_SEARCH_USER_PATHS = NO;
				CLANG_ANALYZER_NONNULL = YES;
				CLANG_CXX_LANGUAGE_STANDARD = "gnu++0x";
				CLANG_CXX_LIBRARY = "libc++";
				CLANG_ENABLE_MODULES = YES;
				CLANG_ENABLE_OBJC_ARC = YES;
				CLANG_WARN_BOOL_CONVERSION = YES;
				CLANG_WARN_CONSTANT_CONVERSION = YES;
				CLANG_WARN_DIRECT_OBJC_ISA_USAGE = YES_ERROR;
				CLANG_WARN_DOCUMENTATION_COMMENTS = YES;
				CLANG_WARN_EMPTY_BODY = YES;
				CLANG_WARN_ENUM_CONVERSION = YES;
				CLANG_WARN_INFINITE_RECURSION = YES;
				CLANG_WARN_INT_CONVERSION = YES;
				CLANG_WARN_OBJC_ROOT_CLASS = YES_ERROR;
				CLANG_WARN_SUSPICIOUS_MOVES = YES;
				CLANG_WARN_UNREACHABLE_CODE = YES;
				CLANG_WARN__DUPLICATE_METHOD_MATCH = YES;
				"CODE_SIGN_IDENTITY[sdk=iphoneos*]" = "iPhone Developer";
				COPY_PHASE_STRIP = NO;
				DEBUG_INFORMATION_FORMAT = "dwarf-with-dsym";
				ENABLE_NS_ASSERTIONS = NO;
				ENABLE_STRICT_OBJC_MSGSEND = YES;
				GCC_C_LANGUAGE_STANDARD = gnu99;
				GCC_NO_COMMON_BLOCKS = YES;
				GCC_WARN_64_TO_32_BIT_CONVERSION = YES;
				GCC_WARN_ABOUT_RETURN_TYPE = YES_ERROR;
				GCC_WARN_UNDECLARED_SELECTOR = YES;
				GCC_WARN_UNINITIALIZED_AUTOS = YES_AGGRESSIVE;
				GCC_WARN_UNUSED_FUNCTION = YES;
				GCC_WARN_UNUSED_VARIABLE = YES;
				IPHONEOS_DEPLOYMENT_TARGET = 10.1;
				MTL_ENABLE_DEBUG_INFO = NO;
				SDKROOT = iphoneos;
				SWIFT_OPTIMIZATION_LEVEL = "-Owholemodule";
				TARGETED_DEVICE_FAMILY = "1,2";
				VALIDATE_PRODUCT = YES;
			};
			name = Release;
		};
		837D180D1DF8C85A00F1DFB7 /* Debug */ = {
			isa = XCBuildConfiguration;
			baseConfigurationReference = 72336F8722EB5BCF84EFC3F2 /* Pods-Football Bible.debug.xcconfig */;
			buildSettings = {
				ASSETCATALOG_COMPILER_APPICON_NAME = AppIcon;
				CODE_SIGN_ENTITLEMENTS = "Football Bible/Football Bible.entitlements";
				DEVELOPMENT_TEAM = C4Q2FUWZY3;
				INFOPLIST_FILE = "Football Bible/Info.plist";
				LD_RUNPATH_SEARCH_PATHS = "$(inherited) @executable_path/Frameworks";
				PRODUCT_BUNDLE_IDENTIFIER = "cmdras.Football-Bible";
				PRODUCT_NAME = "$(TARGET_NAME)";
				SWIFT_VERSION = 3.0;
			};
			name = Debug;
		};
		837D180E1DF8C85A00F1DFB7 /* Release */ = {
			isa = XCBuildConfiguration;
			baseConfigurationReference = A8D9E36A6C0EFED9E2FC6B5A /* Pods-Football Bible.release.xcconfig */;
			buildSettings = {
				ASSETCATALOG_COMPILER_APPICON_NAME = AppIcon;
				CODE_SIGN_ENTITLEMENTS = "Football Bible/Football Bible.entitlements";
				DEVELOPMENT_TEAM = C4Q2FUWZY3;
				INFOPLIST_FILE = "Football Bible/Info.plist";
				LD_RUNPATH_SEARCH_PATHS = "$(inherited) @executable_path/Frameworks";
				PRODUCT_BUNDLE_IDENTIFIER = "cmdras.Football-Bible";
				PRODUCT_NAME = "$(TARGET_NAME)";
				SWIFT_VERSION = 3.0;
			};
			name = Release;
		};
/* End XCBuildConfiguration section */

/* Begin XCConfigurationList section */
		837D17F51DF8C85A00F1DFB7 /* Build configuration list for PBXProject "Football Bible" */ = {
			isa = XCConfigurationList;
			buildConfigurations = (
				837D180A1DF8C85A00F1DFB7 /* Debug */,
				837D180B1DF8C85A00F1DFB7 /* Release */,
			);
			defaultConfigurationIsVisible = 0;
			defaultConfigurationName = Release;
		};
		837D180C1DF8C85A00F1DFB7 /* Build configuration list for PBXNativeTarget "Football Bible" */ = {
			isa = XCConfigurationList;
			buildConfigurations = (
				837D180D1DF8C85A00F1DFB7 /* Debug */,
				837D180E1DF8C85A00F1DFB7 /* Release */,
			);
			defaultConfigurationIsVisible = 0;
			defaultConfigurationName = Release;
		};
/* End XCConfigurationList section */
	};
	rootObject = 837D17F21DF8C85A00F1DFB7 /* Project object */;
}
